
Microsoft Visual Studio Solution File, Format Version 12.00
# Visual Studio Version 17
VisualStudioVersion = 17.1.32228.430
MinimumVisualStudioVersion = 10.0.40219.1
Project("{FAE04EC0-301F-11D3-BF4B-00C04F79EFBC}") = "PYP_Task_Loop", "PYP_Task_Loop\PYP_Task_Loop.csproj", "{6444B176-6777-4446-A067-5BF33DEB9EF3}"
EndProject
Global
	GlobalSection(SolutionConfigurationPlatforms) = preSolution
		Debug|Any CPU = Debug|Any CPU
		Release|Any CPU = Release|Any CPU
	EndGlobalSection
	GlobalSection(ProjectConfigurationPlatforms) = postSolution
		{6444B176-6777-4446-A067-5BF33DEB9EF3}.Debug|Any CPU.ActiveCfg = Debug|Any CPU
		{6444B176-6777-4446-A067-5BF33DEB9EF3}.Debug|Any CPU.Build.0 = Debug|Any CPU
		{6444B176-6777-4446-A067-5BF33DEB9EF3}.Release|Any CPU.ActiveCfg = Release|Any CPU
		{6444B176-6777-4446-A067-5BF33DEB9EF3}.Release|Any CPU.Build.0 = Release|Any CPU
	EndGlobalSection
	GlobalSection(SolutionProperties) = preSolution
		HideSolutionNode = FALSE
	EndGlobalSection
	GlobalSection(ExtensibilityGlobals) = postSolution
		SolutionGuid = {B87BBB78-2042-4429-AE14-A84A5365E2FE}
	EndGlobalSection
EndGlobal
